
Microsoft Visual Studio Solution File, Format Version 12.00
# Visual Studio 15
VisualStudioVersion = 15.0.28307.705
MinimumVisualStudioVersion = 10.0.40219.1
Project("{8BC9CEB8-8B4A-11D0-8D11-00A0C91BC942}") = "cppPractice0_helloWorld", "cppPractice0_helloWorld\cppPractice0_helloWorld.vcxproj", "{3BDB9AAC-CE3B-4E39-9154-9DDCC672C39D}"
EndProject
Global
	GlobalSection(SolutionConfigurationPlatforms) = preSolution
		Debug|x64 = Debug|x64
		Debug|x86 = Debug|x86
		Release|x64 = Release|x64
		Release|x86 = Release|x86
	EndGlobalSection
	GlobalSection(ProjectConfigurationPlatforms) = postSolution
		{3BDB9AAC-CE3B-4E39-9154-9DDCC672C39D}.Debug|x64.ActiveCfg = Debug|x64
		{3BDB9AAC-CE3B-4E39-9154-9DDCC672C39D}.Debug|x64.Build.0 = Debug|x64
		{3BDB9AAC-CE3B-4E39-9154-9DDCC672C39D}.Debug|x86.ActiveCfg = Debug|Win32
		{3BDB9AAC-CE3B-4E39-9154-9DDCC672C39D}.Debug|x86.Build.0 = Debug|Win32
		{3BDB9AAC-CE3B-4E39-9154-9DDCC672C39D}.Release|x64.ActiveCfg = Release|x64
		{3BDB9AAC-CE3B-4E39-9154-9DDCC672C39D}.Release|x64.Build.0 = Release|x64
		{3BDB9AAC-CE3B-4E39-9154-9DDCC672C39D}.Release|x86.ActiveCfg = Release|Win32
		{3BDB9AAC-CE3B-4E39-9154-9DDCC672C39D}.Release|x86.Build.0 = Release|Win32
	EndGlobalSection
	GlobalSection(SolutionProperties) = preSolution
		HideSolutionNode = FALSE
	EndGlobalSection
	GlobalSection(ExtensibilityGlobals) = postSolution
		SolutionGuid = {7E23E6E5-068C-4FD9-BE94-B025D37883B5}
	EndGlobalSection
EndGlobal
